// !$*UTF8*$!
{
	archiveVersion = 1;
	classes = {
	};
	objectVersion = 46;
	objects = {

/* Begin PBXBuildFile section */
		0125E23B1326509AE0F568F5 /* libPods-XFiOSKitDemoTests.a in Frameworks */ = {isa = PBXBuildFile; fileRef = DA1B489C32FAB18959EF8A38 /* libPods-XFiOSKitDemoTests.a */; };
		A86801E4562C51144DC976C7 /* libPods-XFiOSKitDemo.a in Frameworks */ = {isa = PBXBuildFile; fileRef = 0E5CFF7DCE02C28033A0EE64 /* libPods-XFiOSKitDemo.a */; };
		C6FFE49A3A99C5EEA5C7A897 /* libPods-XFiOSKitDemoUITests.a in Frameworks */ = {isa = PBXBuildFile; fileRef = 068879C9E1DF002672A05302 /* libPods-XFiOSKitDemoUITests.a */; };
		FE1267181DF13A5300BBDB14 /* main.m in Sources */ = {isa = PBXBuildFile; fileRef = FE1267171DF13A5300BBDB14 /* main.m */; };
		FE1267311DF13A5300BBDB14 /* XFiOSKitDemoTests.m in Sources */ = {isa = PBXBuildFile; fileRef = FE1267301DF13A5300BBDB14 /* XFiOSKitDemoTests.m */; };
		FE12673C1DF13A5300BBDB14 /* XFiOSKitDemoUITests.m in Sources */ = {isa = PBXBuildFile; fileRef = FE12673B1DF13A5300BBDB14 /* XFiOSKitDemoUITests.m */; };
		FE13C3871DF28692000E7D98 /* UIColor+Project.m in Sources */ = {isa = PBXBuildFile; fileRef = FE13C3861DF28692000E7D98 /* UIColor+Project.m */; };
		FE13C38C1DF2ADCB000E7D98 /* XFTabBarController.m in Sources */ = {isa = PBXBuildFile; fileRef = FE13C38A1DF2ADCB000E7D98 /* XFTabBarController.m */; };
		FE13C38F1DF2ADEB000E7D98 /* XFTabBar.m in Sources */ = {isa = PBXBuildFile; fileRef = FE13C38E1DF2ADEB000E7D98 /* XFTabBar.m */; };
		FE13C3991DF2B01B000E7D98 /* XFDiscoverViewController.m in Sources */ = {isa = PBXBuildFile; fileRef = FE13C3981DF2B01B000E7D98 /* XFDiscoverViewController.m */; };
		FE13C3A21DF2B1A2000E7D98 /* XFMessageViewController.m in Sources */ = {isa = PBXBuildFile; fileRef = FE13C3A11DF2B1A2000E7D98 /* XFMessageViewController.m */; };
		FE13C3B01DF31537000E7D98 /* UIBarButtonItem+Create.m in Sources */ = {isa = PBXBuildFile; fileRef = FE13C3AF1DF31537000E7D98 /* UIBarButtonItem+Create.m */; };
		FE13C3B91DF4613E000E7D98 /* AppDelegate+ThirdSetup.m in Sources */ = {isa = PBXBuildFile; fileRef = FE13C3B81DF4613E000E7D98 /* AppDelegate+ThirdSetup.m */; };
		FE13C3BB1DF5350E000E7D98 /* Home.strings in Resources */ = {isa = PBXBuildFile; fileRef = FE13C3BA1DF5350E000E7D98 /* Home.strings */; };
		FE13C3BD1DF535F3000E7D98 /* HomeRootData.plist in Resources */ = {isa = PBXBuildFile; fileRef = FE13C3BC1DF535F3000E7D98 /* HomeRootData.plist */; };
		FE13C3C81DF54844000E7D98 /* XFConstThirdInfo.m in Sources */ = {isa = PBXBuildFile; fileRef = FE13C3C71DF54844000E7D98 /* XFConstThirdInfo.m */; };
		FE13C4061DF56BB7000E7D98 /* XFCollectionViewController.m in Sources */ = {isa = PBXBuildFile; fileRef = FE13C3E31DF56BB7000E7D98 /* XFCollectionViewController.m */; };
		FE13C4071DF56BB7000E7D98 /* XFCollectionViewFlowLayout.m in Sources */ = {isa = PBXBuildFile; fileRef = FE13C3E71DF56BB7000E7D98 /* XFCollectionViewFlowLayout.m */; };
		FE13C4081DF56BB7000E7D98 /* XFCustomTabBarViewController.m in Sources */ = {isa = PBXBuildFile; fileRef = FE13C3ED1DF56BB7000E7D98 /* XFCustomTabBarViewController.m */; };
		FE13C4091DF56BB7000E7D98 /* XFHomeViewController.m in Sources */ = {isa = PBXBuildFile; fileRef = FE13C3F51DF56BB7000E7D98 /* XFHomeViewController.m */; };
		FE13C40A1DF56BB7000E7D98 /* HomeRootModel.m in Sources */ = {isa = PBXBuildFile; fileRef = FE13C3F81DF56BB7000E7D98 /* HomeRootModel.m */; };
		FE13C40B1DF56BB7000E7D98 /* XFSearchResultsViewController.m in Sources */ = {isa = PBXBuildFile; fileRef = FE13C3FF1DF56BB7000E7D98 /* XFSearchResultsViewController.m */; };
		FE13C40C1DF56BB7000E7D98 /* XFSearchViewController.m in Sources */ = {isa = PBXBuildFile; fileRef = FE13C4011DF56BB7000E7D98 /* XFSearchViewController.m */; };
		FE13C40F1DF56C48000E7D98 /* XFCollectionViewCell.m in Sources */ = {isa = PBXBuildFile; fileRef = FE13C40E1DF56C48000E7D98 /* XFCollectionViewCell.m */; };
		FEA0818A1DF15F7A00318CA5 /* AppDelegate.m in Sources */ = {isa = PBXBuildFile; fileRef = FEA081891DF15F7A00318CA5 /* AppDelegate.m */; };
		FEA0818C1DF15FB600318CA5 /* Info.plist in Resources */ = {isa = PBXBuildFile; fileRef = FEA0818B1DF15FB600318CA5 /* Info.plist */; };
		FEA0819C1DF15FE200318CA5 /* Assets.xcassets in Resources */ = {isa = PBXBuildFile; fileRef = FEA081981DF15FE200318CA5 /* Assets.xcassets */; };
		FEA0819D1DF15FE200318CA5 /* LaunchScreen.storyboard in Resources */ = {isa = PBXBuildFile; fileRef = FEA0819B1DF15FE200318CA5 /* LaunchScreen.storyboard */; };
		FEA081B51DF160A400318CA5 /* XFBaseViewController.m in Sources */ = {isa = PBXBuildFile; fileRef = FEA081B11DF160A400318CA5 /* XFBaseViewController.m */; };
		FEA081C41DF165CE00318CA5 /* XFMeViewController.m in Sources */ = {isa = PBXBuildFile; fileRef = FEA081C31DF165CE00318CA5 /* XFMeViewController.m */; };
		FEA081C71DF1673900318CA5 /* XFNavigationController.m in Sources */ = {isa = PBXBuildFile; fileRef = FEA081C61DF1673900318CA5 /* XFNavigationController.m */; };
		FEA081CB1DF1707500318CA5 /* UIColor+Extension.m in Sources */ = {isa = PBXBuildFile; fileRef = FEA081CA1DF1707500318CA5 /* UIColor+Extension.m */; };
		FEA081D11DF1A81500318CA5 /* UIButton+Create.m in Sources */ = {isa = PBXBuildFile; fileRef = FEA081D01DF1A81500318CA5 /* UIButton+Create.m */; };
		FEA081D61DF1AC0400318CA5 /* UIView+Rect.m in Sources */ = {isa = PBXBuildFile; fileRef = FEA081D51DF1AC0400318CA5 /* UIView+Rect.m */; };
		FEA081D91DF1AD6000318CA5 /* UIButton+EnlargeEdge.m in Sources */ = {isa = PBXBuildFile; fileRef = FEA081D81DF1AD6000318CA5 /* UIButton+EnlargeEdge.m */; };
		FEA081DB1DF1AE0600318CA5 /* Foundation+Log.m in Sources */ = {isa = PBXBuildFile; fileRef = FEA081DA1DF1AE0600318CA5 /* Foundation+Log.m */; };
		FEA081DF1DF1B70200318CA5 /* UIImage+Create.m in Sources */ = {isa = PBXBuildFile; fileRef = FEA081DE1DF1B70200318CA5 /* UIImage+Create.m */; };
		FEA081E31DF2586D00318CA5 /* XFNetworking.m in Sources */ = {isa = PBXBuildFile; fileRef = FEA081E21DF2586D00318CA5 /* XFNetworking.m */; };
		FEA081E91DF2595200318CA5 /* PropertyListParser.m in Sources */ = {isa = PBXBuildFile; fileRef = FEA081E61DF2595200318CA5 /* PropertyListParser.m */; };
		FEA081EA1DF2595200318CA5 /* TreeNode.m in Sources */ = {isa = PBXBuildFile; fileRef = FEA081E81DF2595200318CA5 /* TreeNode.m */; };
		FEA081EE1DF25EB200318CA5 /* NSObject+Ext.m in Sources */ = {isa = PBXBuildFile; fileRef = FEA081ED1DF25EB200318CA5 /* NSObject+Ext.m */; };
		FEA081F41DF2726100318CA5 /* XFError.m in Sources */ = {isa = PBXBuildFile; fileRef = FEA081F31DF2726100318CA5 /* XFError.m */; };
		FEA081F71DF272DC00318CA5 /* JDError.m in Sources */ = {isa = PBXBuildFile; fileRef = FEA081F61DF272DC00318CA5 /* JDError.m */; };
		FEA082091DF278F600318CA5 /* Localizable.strings in Resources */ = {isa = PBXBuildFile; fileRef = FEA082081DF278F600318CA5 /* Localizable.strings */; };
		FEA0820B1DF2797400318CA5 /* XFError.strings in Resources */ = {isa = PBXBuildFile; fileRef = FEA0820A1DF2797400318CA5 /* XFError.strings */; };
/* End PBXBuildFile section */

/* Begin PBXContainerItemProxy section */
		FE12672D1DF13A5300BBDB14 /* PBXContainerItemProxy */ = {
			isa = PBXContainerItemProxy;
			containerPortal = FE12670B1DF13A5300BBDB14 /* Project object */;
			proxyType = 1;
			remoteGlobalIDString = FE1267121DF13A5300BBDB14;
			remoteInfo = XFiOSKitDemo;
		};
		FE1267381DF13A5300BBDB14 /* PBXContainerItemProxy */ = {
			isa = PBXContainerItemProxy;
			containerPortal = FE12670B1DF13A5300BBDB14 /* Project object */;
			proxyType = 1;
			remoteGlobalIDString = FE1267121DF13A5300BBDB14;
			remoteInfo = XFiOSKitDemo;
		};
/* End PBXContainerItemProxy section */

/* Begin PBXFileReference section */
		068879C9E1DF002672A05302 /* libPods-XFiOSKitDemoUITests.a */ = {isa = PBXFileReference; explicitFileType = archive.ar; includeInIndex = 0; path = "libPods-XFiOSKitDemoUITests.a"; sourceTree = BUILT_PRODUCTS_DIR; };
		0E5CFF7DCE02C28033A0EE64 /* libPods-XFiOSKitDemo.a */ = {isa = PBXFileReference; explicitFileType = archive.ar; includeInIndex = 0; path = "libPods-XFiOSKitDemo.a"; sourceTree = BUILT_PRODUCTS_DIR; };
		3AC9154C45616908D543C9FC /* Pods-XFiOSKitDemo.release.xcconfig */ = {isa = PBXFileReference; includeInIndex = 1; lastKnownFileType = text.xcconfig; name = "Pods-XFiOSKitDemo.release.xcconfig"; path = "Pods/Target Support Files/Pods-XFiOSKitDemo/Pods-XFiOSKitDemo.release.xcconfig"; sourceTree = "<group>"; };
		4E50CF12709A5ED3117C809E /* Pods-XFiOSKitDemoTests.release.xcconfig */ = {isa = PBXFileReference; includeInIndex = 1; lastKnownFileType = text.xcconfig; name = "Pods-XFiOSKitDemoTests.release.xcconfig"; path = "Pods/Target Support Files/Pods-XFiOSKitDemoTests/Pods-XFiOSKitDemoTests.release.xcconfig"; sourceTree = "<group>"; };
		68BBA313059DD3943E020D1B /* Pods-XFiOSKitDemo.debug.xcconfig */ = {isa = PBXFileReference; includeInIndex = 1; lastKnownFileType = text.xcconfig; name = "Pods-XFiOSKitDemo.debug.xcconfig"; path = "Pods/Target Support Files/Pods-XFiOSKitDemo/Pods-XFiOSKitDemo.debug.xcconfig"; sourceTree = "<group>"; };
		77619F6582DB3034FF99F5DA /* Pods-XFiOSKitDemoTests.debug.xcconfig */ = {isa = PBXFileReference; includeInIndex = 1; lastKnownFileType = text.xcconfig; name = "Pods-XFiOSKitDemoTests.debug.xcconfig"; path = "Pods/Target Support Files/Pods-XFiOSKitDemoTests/Pods-XFiOSKitDemoTests.debug.xcconfig"; sourceTree = "<group>"; };
		B47951E68609F564728DE9B0 /* Pods-XFiOSKitDemoUITests.debug.xcconfig */ = {isa = PBXFileReference; includeInIndex = 1; lastKnownFileType = text.xcconfig; name = "Pods-XFiOSKitDemoUITests.debug.xcconfig"; path = "Pods/Target Support Files/Pods-XFiOSKitDemoUITests/Pods-XFiOSKitDemoUITests.debug.xcconfig"; sourceTree = "<group>"; };
		D12D048251A27564B2F982D6 /* Pods-XFiOSKitDemoUITests.release.xcconfig */ = {isa = PBXFileReference; includeInIndex = 1; lastKnownFileType = text.xcconfig; name = "Pods-XFiOSKitDemoUITests.release.xcconfig"; path = "Pods/Target Support Files/Pods-XFiOSKitDemoUITests/Pods-XFiOSKitDemoUITests.release.xcconfig"; sourceTree = "<group>"; };
		DA1B489C32FAB18959EF8A38 /* libPods-XFiOSKitDemoTests.a */ = {isa = PBXFileReference; explicitFileType = archive.ar; includeInIndex = 0; path = "libPods-XFiOSKitDemoTests.a"; sourceTree = BUILT_PRODUCTS_DIR; };
		FE1267131DF13A5300BBDB14 /* XFiOSKitDemo.app */ = {isa = PBXFileReference; explicitFileType = wrapper.application; includeInIndex = 0; path = XFiOSKitDemo.app; sourceTree = BUILT_PRODUCTS_DIR; };
		FE1267171DF13A5300BBDB14 /* main.m */ = {isa = PBXFileReference; lastKnownFileType = sourcecode.c.objc; path = main.m; sourceTree = "<group>"; };
		FE12672C1DF13A5300BBDB14 /* XFiOSKitDemoTests.xctest */ = {isa = PBXFileReference; explicitFileType = wrapper.cfbundle; includeInIndex = 0; path = XFiOSKitDemoTests.xctest; sourceTree = BUILT_PRODUCTS_DIR; };
		FE1267301DF13A5300BBDB14 /* XFiOSKitDemoTests.m */ = {isa = PBXFileReference; lastKnownFileType = sourcecode.c.objc; path = XFiOSKitDemoTests.m; sourceTree = "<group>"; };
		FE1267321DF13A5300BBDB14 /* Info.plist */ = {isa = PBXFileReference; lastKnownFileType = text.plist.xml; path = Info.plist; sourceTree = "<group>"; };
		FE1267371DF13A5300BBDB14 /* XFiOSKitDemoUITests.xctest */ = {isa = PBXFileReference; explicitFileType = wrapper.cfbundle; includeInIndex = 0; path = XFiOSKitDemoUITests.xctest; sourceTree = BUILT_PRODUCTS_DIR; };
		FE12673B1DF13A5300BBDB14 /* XFiOSKitDemoUITests.m */ = {isa = PBXFileReference; lastKnownFileType = sourcecode.c.objc; path = XFiOSKitDemoUITests.m; sourceTree = "<group>"; };
		FE12673D1DF13A5300BBDB14 /* Info.plist */ = {isa = PBXFileReference; lastKnownFileType = text.plist.xml; path = Info.plist; sourceTree = "<group>"; };
		FE13C3851DF28692000E7D98 /* UIColor+Project.h */ = {isa = PBXFileReference; fileEncoding = 4; lastKnownFileType = sourcecode.c.h; path = "UIColor+Project.h"; sourceTree = "<group>"; };
		FE13C3861DF28692000E7D98 /* UIColor+Project.m */ = {isa = PBXFileReference; fileEncoding = 4; lastKnownFileType = sourcecode.c.objc; path = "UIColor+Project.m"; sourceTree = "<group>"; };
		FE13C3891DF2ADCB000E7D98 /* XFTabBarController.h */ = {isa = PBXFileReference; fileEncoding = 4; lastKnownFileType = sourcecode.c.h; path = XFTabBarController.h; sourceTree = "<group>"; };
		FE13C38A1DF2ADCB000E7D98 /* XFTabBarController.m */ = {isa = PBXFileReference; fileEncoding = 4; lastKnownFileType = sourcecode.c.objc; path = XFTabBarController.m; sourceTree = "<group>"; };
		FE13C38D1DF2ADEB000E7D98 /* XFTabBar.h */ = {isa = PBXFileReference; fileEncoding = 4; lastKnownFileType = sourcecode.c.h; path = XFTabBar.h; sourceTree = "<group>"; };
		FE13C38E1DF2ADEB000E7D98 /* XFTabBar.m */ = {isa = PBXFileReference; fileEncoding = 4; lastKnownFileType = sourcecode.c.objc; path = XFTabBar.m; sourceTree = "<group>"; };
		FE13C3971DF2B01B000E7D98 /* XFDiscoverViewController.h */ = {isa = PBXFileReference; fileEncoding = 4; lastKnownFileType = sourcecode.c.h; path = XFDiscoverViewController.h; sourceTree = "<group>"; };
		FE13C3981DF2B01B000E7D98 /* XFDiscoverViewController.m */ = {isa = PBXFileReference; fileEncoding = 4; lastKnownFileType = sourcecode.c.objc; path = XFDiscoverViewController.m; sourceTree = "<group>"; };
		FE13C3A01DF2B1A2000E7D98 /* XFMessageViewController.h */ = {isa = PBXFileReference; fileEncoding = 4; lastKnownFileType = sourcecode.c.h; path = XFMessageViewController.h; sourceTree = "<group>"; };
		FE13C3A11DF2B1A2000E7D98 /* XFMessageViewController.m */ = {isa = PBXFileReference; fileEncoding = 4; lastKnownFileType = sourcecode.c.objc; path = XFMessageViewController.m; sourceTree = "<group>"; };
		FE13C3AE1DF31537000E7D98 /* UIBarButtonItem+Create.h */ = {isa = PBXFileReference; fileEncoding = 4; lastKnownFileType = sourcecode.c.h; path = "UIBarButtonItem+Create.h"; sourceTree = "<group>"; };
		FE13C3AF1DF31537000E7D98 /* UIBarButtonItem+Create.m */ = {isa = PBXFileReference; fileEncoding = 4; lastKnownFileType = sourcecode.c.objc; path = "UIBarButtonItem+Create.m"; sourceTree = "<group>"; };
		FE13C3B71DF4613E000E7D98 /* AppDelegate+ThirdSetup.h */ = {isa = PBXFileReference; fileEncoding = 4; lastKnownFileType = sourcecode.c.h; path = "AppDelegate+ThirdSetup.h"; sourceTree = "<group>"; };
		FE13C3B81DF4613E000E7D98 /* AppDelegate+ThirdSetup.m */ = {isa = PBXFileReference; fileEncoding = 4; lastKnownFileType = sourcecode.c.objc; path = "AppDelegate+ThirdSetup.m"; sourceTree = "<group>"; };
		FE13C3BA1DF5350E000E7D98 /* Home.strings */ = {isa = PBXFileReference; fileEncoding = 4; lastKnownFileType = text.plist.strings; path = Home.strings; sourceTree = "<group>"; };
		FE13C3BC1DF535F3000E7D98 /* HomeRootData.plist */ = {isa = PBXFileReference; fileEncoding = 4; lastKnownFileType = text.plist.xml; path = HomeRootData.plist; sourceTree = "<group>"; };
		FE13C3C51DF54801000E7D98 /* XFMacroProperty.h */ = {isa = PBXFileReference; lastKnownFileType = sourcecode.c.h; path = XFMacroProperty.h; sourceTree = "<group>"; };
		FE13C3C61DF54844000E7D98 /* XFConstThirdInfo.h */ = {isa = PBXFileReference; fileEncoding = 4; lastKnownFileType = sourcecode.c.h; path = XFConstThirdInfo.h; sourceTree = "<group>"; };
		FE13C3C71DF54844000E7D98 /* XFConstThirdInfo.m */ = {isa = PBXFileReference; fileEncoding = 4; lastKnownFileType = sourcecode.c.objc; path = XFConstThirdInfo.m; sourceTree = "<group>"; };
		FE13C3E21DF56BB7000E7D98 /* XFCollectionViewController.h */ = {isa = PBXFileReference; fileEncoding = 4; lastKnownFileType = sourcecode.c.h; path = XFCollectionViewController.h; sourceTree = "<group>"; };
		FE13C3E31DF56BB7000E7D98 /* XFCollectionViewController.m */ = {isa = PBXFileReference; fileEncoding = 4; lastKnownFileType = sourcecode.c.objc; path = XFCollectionViewController.m; sourceTree = "<group>"; };
		FE13C3E61DF56BB7000E7D98 /* XFCollectionViewFlowLayout.h */ = {isa = PBXFileReference; fileEncoding = 4; lastKnownFileType = sourcecode.c.h; path = XFCollectionViewFlowLayout.h; sourceTree = "<group>"; };
		FE13C3E71DF56BB7000E7D98 /* XFCollectionViewFlowLayout.m */ = {isa = PBXFileReference; fileEncoding = 4; lastKnownFileType = sourcecode.c.objc; path = XFCollectionViewFlowLayout.m; sourceTree = "<group>"; };
		FE13C3EC1DF56BB7000E7D98 /* XFCustomTabBarViewController.h */ = {isa = PBXFileReference; fileEncoding = 4; lastKnownFileType = sourcecode.c.h; path = XFCustomTabBarViewController.h; sourceTree = "<group>"; };
		FE13C3ED1DF56BB7000E7D98 /* XFCustomTabBarViewController.m */ = {isa = PBXFileReference; fileEncoding = 4; lastKnownFileType = sourcecode.c.objc; path = XFCustomTabBarViewController.m; sourceTree = "<group>"; };
		FE13C3F41DF56BB7000E7D98 /* XFHomeViewController.h */ = {isa = PBXFileReference; fileEncoding = 4; lastKnownFileType = sourcecode.c.h; path = XFHomeViewController.h; sourceTree = "<group>"; };
		FE13C3F51DF56BB7000E7D98 /* XFHomeViewController.m */ = {isa = PBXFileReference; fileEncoding = 4; lastKnownFileType = sourcecode.c.objc; path = XFHomeViewController.m; sourceTree = "<group>"; };
		FE13C3F71DF56BB7000E7D98 /* HomeRootModel.h */ = {isa = PBXFileReference; fileEncoding = 4; lastKnownFileType = sourcecode.c.h; path = HomeRootModel.h; sourceTree = "<group>"; };
		FE13C3F81DF56BB7000E7D98 /* HomeRootModel.m */ = {isa = PBXFileReference; fileEncoding = 4; lastKnownFileType = sourcecode.c.objc; path = HomeRootModel.m; sourceTree = "<group>"; };
		FE13C3FE1DF56BB7000E7D98 /* XFSearchResultsViewController.h */ = {isa = PBXFileReference; fileEncoding = 4; lastKnownFileType = sourcecode.c.h; path = XFSearchResultsViewController.h; sourceTree = "<group>"; };
		FE13C3FF1DF56BB7000E7D98 /* XFSearchResultsViewController.m */ = {isa = PBXFileReference; fileEncoding = 4; lastKnownFileType = sourcecode.c.objc; path = XFSearchResultsViewController.m; sourceTree = "<group>"; };
		FE13C4001DF56BB7000E7D98 /* XFSearchViewController.h */ = {isa = PBXFileReference; fileEncoding = 4; lastKnownFileType = sourcecode.c.h; path = XFSearchViewController.h; sourceTree = "<group>"; };
		FE13C4011DF56BB7000E7D98 /* XFSearchViewController.m */ = {isa = PBXFileReference; fileEncoding = 4; lastKnownFileType = sourcecode.c.objc; path = XFSearchViewController.m; sourceTree = "<group>"; };
		FE13C40D1DF56C48000E7D98 /* XFCollectionViewCell.h */ = {isa = PBXFileReference; fileEncoding = 4; lastKnownFileType = sourcecode.c.h; path = XFCollectionViewCell.h; sourceTree = "<group>"; };
		FE13C40E1DF56C48000E7D98 /* XFCollectionViewCell.m */ = {isa = PBXFileReference; fileEncoding = 4; lastKnownFileType = sourcecode.c.objc; path = XFCollectionViewCell.m; sourceTree = "<group>"; };
		FEA081881DF15F7A00318CA5 /* AppDelegate.h */ = {isa = PBXFileReference; fileEncoding = 4; lastKnownFileType = sourcecode.c.h; path = AppDelegate.h; sourceTree = "<group>"; };
		FEA081891DF15F7A00318CA5 /* AppDelegate.m */ = {isa = PBXFileReference; fileEncoding = 4; lastKnownFileType = sourcecode.c.objc; path = AppDelegate.m; sourceTree = "<group>"; };
		FEA0818B1DF15FB600318CA5 /* Info.plist */ = {isa = PBXFileReference; fileEncoding = 4; lastKnownFileType = text.plist.xml; name = Info.plist; path = ../../Info.plist; sourceTree = "<group>"; };
		FEA081981DF15FE200318CA5 /* Assets.xcassets */ = {isa = PBXFileReference; lastKnownFileType = folder.assetcatalog; path = Assets.xcassets; sourceTree = "<group>"; };
		FEA0819B1DF15FE200318CA5 /* LaunchScreen.storyboard */ = {isa = PBXFileReference; fileEncoding = 4; lastKnownFileType = file.storyboard; path = LaunchScreen.storyboard; sourceTree = "<group>"; };
		FEA081B01DF160A400318CA5 /* XFBaseViewController.h */ = {isa = PBXFileReference; fileEncoding = 4; lastKnownFileType = sourcecode.c.h; path = XFBaseViewController.h; sourceTree = "<group>"; };
		FEA081B11DF160A400318CA5 /* XFBaseViewController.m */ = {isa = PBXFileReference; fileEncoding = 4; lastKnownFileType = sourcecode.c.objc; path = XFBaseViewController.m; sourceTree = "<group>"; };
		FEA081C21DF165CE00318CA5 /* XFMeViewController.h */ = {isa = PBXFileReference; fileEncoding = 4; lastKnownFileType = sourcecode.c.h; path = XFMeViewController.h; sourceTree = "<group>"; };
		FEA081C31DF165CE00318CA5 /* XFMeViewController.m */ = {isa = PBXFileReference; fileEncoding = 4; lastKnownFileType = sourcecode.c.objc; path = XFMeViewController.m; sourceTree = "<group>"; };
		FEA081C51DF1673900318CA5 /* XFNavigationController.h */ = {isa = PBXFileReference; fileEncoding = 4; lastKnownFileType = sourcecode.c.h; path = XFNavigationController.h; sourceTree = "<group>"; };
		FEA081C61DF1673900318CA5 /* XFNavigationController.m */ = {isa = PBXFileReference; fileEncoding = 4; lastKnownFileType = sourcecode.c.objc; path = XFNavigationController.m; sourceTree = "<group>"; };
		FEA081C91DF1707500318CA5 /* UIColor+Extension.h */ = {isa = PBXFileReference; fileEncoding = 4; lastKnownFileType = sourcecode.c.h; path = "UIColor+Extension.h"; sourceTree = "<group>"; };
		FEA081CA1DF1707500318CA5 /* UIColor+Extension.m */ = {isa = PBXFileReference; fileEncoding = 4; lastKnownFileType = sourcecode.c.objc; path = "UIColor+Extension.m"; sourceTree = "<group>"; };
		FEA081CC1DF17EB200318CA5 /* XFColorDefine.h */ = {isa = PBXFileReference; fileEncoding = 4; lastKnownFileType = sourcecode.c.h; path = XFColorDefine.h; sourceTree = "<group>"; };
		FEA081CD1DF180CB00318CA5 /* PrefixHeader.pch */ = {isa = PBXFileReference; fileEncoding = 4; lastKnownFileType = sourcecode.c.h; path = PrefixHeader.pch; sourceTree = "<group>"; };
		FEA081CF1DF1A81500318CA5 /* UIButton+Create.h */ = {isa = PBXFileReference; fileEncoding = 4; lastKnownFileType = sourcecode.c.h; path = "UIButton+Create.h"; sourceTree = "<group>"; };
		FEA081D01DF1A81500318CA5 /* UIButton+Create.m */ = {isa = PBXFileReference; fileEncoding = 4; lastKnownFileType = sourcecode.c.objc; path = "UIButton+Create.m"; sourceTree = "<group>"; };
		FEA081D21DF1AA6400318CA5 /* XFMacroSize.h */ = {isa = PBXFileReference; fileEncoding = 4; lastKnownFileType = sourcecode.c.h; path = XFMacroSize.h; sourceTree = "<group>"; };
		FEA081D41DF1AC0400318CA5 /* UIView+Rect.h */ = {isa = PBXFileReference; fileEncoding = 4; lastKnownFileType = sourcecode.c.h; path = "UIView+Rect.h"; sourceTree = "<group>"; };
		FEA081D51DF1AC0400318CA5 /* UIView+Rect.m */ = {isa = PBXFileReference; fileEncoding = 4; lastKnownFileType = sourcecode.c.objc; path = "UIView+Rect.m"; sourceTree = "<group>"; };
		FEA081D71DF1AD6000318CA5 /* UIButton+EnlargeEdge.h */ = {isa = PBXFileReference; fileEncoding = 4; lastKnownFileType = sourcecode.c.h; path = "UIButton+EnlargeEdge.h"; sourceTree = "<group>"; };
		FEA081D81DF1AD6000318CA5 /* UIButton+EnlargeEdge.m */ = {isa = PBXFileReference; fileEncoding = 4; lastKnownFileType = sourcecode.c.objc; path = "UIButton+EnlargeEdge.m"; sourceTree = "<group>"; };
		FEA081DA1DF1AE0600318CA5 /* Foundation+Log.m */ = {isa = PBXFileReference; fileEncoding = 4; lastKnownFileType = sourcecode.c.objc; path = "Foundation+Log.m"; sourceTree = "<group>"; };
		FEA081DD1DF1B70200318CA5 /* UIImage+Create.h */ = {isa = PBXFileReference; fileEncoding = 4; lastKnownFileType = sourcecode.c.h; path = "UIImage+Create.h"; sourceTree = "<group>"; };
		FEA081DE1DF1B70200318CA5 /* UIImage+Create.m */ = {isa = PBXFileReference; fileEncoding = 4; lastKnownFileType = sourcecode.c.objc; path = "UIImage+Create.m"; sourceTree = "<group>"; };
		FEA081E11DF2586D00318CA5 /* XFNetworking.h */ = {isa = PBXFileReference; fileEncoding = 4; lastKnownFileType = sourcecode.c.h; path = XFNetworking.h; sourceTree = "<group>"; };
		FEA081E21DF2586D00318CA5 /* XFNetworking.m */ = {isa = PBXFileReference; fileEncoding = 4; lastKnownFileType = sourcecode.c.objc; path = XFNetworking.m; sourceTree = "<group>"; };
		FEA081E51DF2595200318CA5 /* PropertyListParser.h */ = {isa = PBXFileReference; fileEncoding = 4; lastKnownFileType = sourcecode.c.h; path = PropertyListParser.h; sourceTree = "<group>"; };
		FEA081E61DF2595200318CA5 /* PropertyListParser.m */ = {isa = PBXFileReference; fileEncoding = 4; lastKnownFileType = sourcecode.c.objc; path = PropertyListParser.m; sourceTree = "<group>"; };
		FEA081E71DF2595200318CA5 /* TreeNode.h */ = {isa = PBXFileReference; fileEncoding = 4; lastKnownFileType = sourcecode.c.h; path = TreeNode.h; sourceTree = "<group>"; };
		FEA081E81DF2595200318CA5 /* TreeNode.m */ = {isa = PBXFileReference; fileEncoding = 4; lastKnownFileType = sourcecode.c.objc; path = TreeNode.m; sourceTree = "<group>"; };
		FEA081EC1DF25EB200318CA5 /* NSObject+Ext.h */ = {isa = PBXFileReference; fileEncoding = 4; lastKnownFileType = sourcecode.c.h; path = "NSObject+Ext.h"; sourceTree = "<group>"; };
		FEA081ED1DF25EB200318CA5 /* NSObject+Ext.m */ = {isa = PBXFileReference; fileEncoding = 4; lastKnownFileType = sourcecode.c.objc; path = "NSObject+Ext.m"; sourceTree = "<group>"; };
		FEA081EF1DF264FE00318CA5 /* XFHTTPStatusDefine.h */ = {isa = PBXFileReference; fileEncoding = 4; lastKnownFileType = sourcecode.c.h; path = XFHTTPStatusDefine.h; sourceTree = "<group>"; };
		FEA081F01DF2709500318CA5 /* XFMacroLog.h */ = {isa = PBXFileReference; fileEncoding = 4; lastKnownFileType = sourcecode.c.h; path = XFMacroLog.h; sourceTree = "<group>"; };
		FEA081F21DF2726100318CA5 /* XFError.h */ = {isa = PBXFileReference; fileEncoding = 4; lastKnownFileType = sourcecode.c.h; path = XFError.h; sourceTree = "<group>"; };
		FEA081F31DF2726100318CA5 /* XFError.m */ = {isa = PBXFileReference; fileEncoding = 4; lastKnownFileType = sourcecode.c.objc; path = XFError.m; sourceTree = "<group>"; };
		FEA081F51DF272DC00318CA5 /* JDError.h */ = {isa = PBXFileReference; fileEncoding = 4; lastKnownFileType = sourcecode.c.h; path = JDError.h; sourceTree = "<group>"; };
		FEA081F61DF272DC00318CA5 /* JDError.m */ = {isa = PBXFileReference; fileEncoding = 4; lastKnownFileType = sourcecode.c.objc; path = JDError.m; sourceTree = "<group>"; };
		FEA082081DF278F600318CA5 /* Localizable.strings */ = {isa = PBXFileReference; fileEncoding = 4; lastKnownFileType = text.plist.strings; path = Localizable.strings; sourceTree = "<group>"; };
		FEA0820A1DF2797400318CA5 /* XFError.strings */ = {isa = PBXFileReference; fileEncoding = 4; lastKnownFileType = text.plist.strings; path = XFError.strings; sourceTree = "<group>"; };
/* End PBXFileReference section */

/* Begin PBXFrameworksBuildPhase section */
		FE1267101DF13A5300BBDB14 /* Frameworks */ = {
			isa = PBXFrameworksBuildPhase;
			buildActionMask = 2147483647;
			files = (
				A86801E4562C51144DC976C7 /* libPods-XFiOSKitDemo.a in Frameworks */,
			);
			runOnlyForDeploymentPostprocessing = 0;
		};
		FE1267291DF13A5300BBDB14 /* Frameworks */ = {
			isa = PBXFrameworksBuildPhase;
			buildActionMask = 2147483647;
			files = (
				0125E23B1326509AE0F568F5 /* libPods-XFiOSKitDemoTests.a in Frameworks */,
			);
			runOnlyForDeploymentPostprocessing = 0;
		};
		FE1267341DF13A5300BBDB14 /* Frameworks */ = {
			isa = PBXFrameworksBuildPhase;
			buildActionMask = 2147483647;
			files = (
				C6FFE49A3A99C5EEA5C7A897 /* libPods-XFiOSKitDemoUITests.a in Frameworks */,
			);
			runOnlyForDeploymentPostprocessing = 0;
		};
/* End PBXFrameworksBuildPhase section */

/* Begin PBXGroup section */
		47442F4606CD96285720CF12 /* Frameworks */ = {
			isa = PBXGroup;
			children = (
				0E5CFF7DCE02C28033A0EE64 /* libPods-XFiOSKitDemo.a */,
				DA1B489C32FAB18959EF8A38 /* libPods-XFiOSKitDemoTests.a */,
				068879C9E1DF002672A05302 /* libPods-XFiOSKitDemoUITests.a */,
			);
			name = Frameworks;
			sourceTree = "<group>";
		};
		FBED3BBEFC9A9834DDDAB25A /* Pods */ = {
			isa = PBXGroup;
			children = (
				68BBA313059DD3943E020D1B /* Pods-XFiOSKitDemo.debug.xcconfig */,
				3AC9154C45616908D543C9FC /* Pods-XFiOSKitDemo.release.xcconfig */,
				77619F6582DB3034FF99F5DA /* Pods-XFiOSKitDemoTests.debug.xcconfig */,
				4E50CF12709A5ED3117C809E /* Pods-XFiOSKitDemoTests.release.xcconfig */,
				B47951E68609F564728DE9B0 /* Pods-XFiOSKitDemoUITests.debug.xcconfig */,
				D12D048251A27564B2F982D6 /* Pods-XFiOSKitDemoUITests.release.xcconfig */,
			);
			name = Pods;
			sourceTree = "<group>";
		};
		FE12670A1DF13A5300BBDB14 = {
			isa = PBXGroup;
			children = (
				FE1267151DF13A5300BBDB14 /* XFiOSKitDemo */,
				FE12672F1DF13A5300BBDB14 /* XFiOSKitDemoTests */,
				FE12673A1DF13A5300BBDB14 /* XFiOSKitDemoUITests */,
				FE1267141DF13A5300BBDB14 /* Products */,
				FBED3BBEFC9A9834DDDAB25A /* Pods */,
				47442F4606CD96285720CF12 /* Frameworks */,
			);
			sourceTree = "<group>";
		};
		FE1267141DF13A5300BBDB14 /* Products */ = {
			isa = PBXGroup;
			children = (
				FE1267131DF13A5300BBDB14 /* XFiOSKitDemo.app */,
				FE12672C1DF13A5300BBDB14 /* XFiOSKitDemoTests.xctest */,
				FE1267371DF13A5300BBDB14 /* XFiOSKitDemoUITests.xctest */,
			);
			name = Products;
			sourceTree = "<group>";
		};
		FE1267151DF13A5300BBDB14 /* XFiOSKitDemo */ = {
			isa = PBXGroup;
			children = (
				FEA081871DF15F7A00318CA5 /* AppDelegate */,
				FEA0818D1DF15FD000318CA5 /* Main */,
				FEA0819F1DF15FFE00318CA5 /* Expand */,
				FEA081961DF15FE200318CA5 /* Resource */,
				FEA0819E1DF15FED00318CA5 /* Vender */,
				FE1267161DF13A5300BBDB14 /* Supporting Files */,
			);
			path = XFiOSKitDemo;
			sourceTree = "<group>";
		};
		FE1267161DF13A5300BBDB14 /* Supporting Files */ = {
			isa = PBXGroup;
			children = (
				FE1267171DF13A5300BBDB14 /* main.m */,
				FEA081CD1DF180CB00318CA5 /* PrefixHeader.pch */,
			);
			name = "Supporting Files";
			sourceTree = "<group>";
		};
		FE12672F1DF13A5300BBDB14 /* XFiOSKitDemoTests */ = {
			isa = PBXGroup;
			children = (
				FE1267301DF13A5300BBDB14 /* XFiOSKitDemoTests.m */,
				FE1267321DF13A5300BBDB14 /* Info.plist */,
			);
			path = XFiOSKitDemoTests;
			sourceTree = "<group>";
		};
		FE12673A1DF13A5300BBDB14 /* XFiOSKitDemoUITests */ = {
			isa = PBXGroup;
			children = (
				FE12673B1DF13A5300BBDB14 /* XFiOSKitDemoUITests.m */,
				FE12673D1DF13A5300BBDB14 /* Info.plist */,
			);
			path = XFiOSKitDemoUITests;
			sourceTree = "<group>";
		};
		FE13C3881DF2ADCB000E7D98 /* Controller */ = {
			isa = PBXGroup;
			children = (
				FE13C3891DF2ADCB000E7D98 /* XFTabBarController.h */,
				FE13C38A1DF2ADCB000E7D98 /* XFTabBarController.m */,
			);
			path = Controller;
			sourceTree = "<group>";
		};
		FE13C38B1DF2ADCB000E7D98 /* View */ = {
			isa = PBXGroup;
			children = (
				FE13C38D1DF2ADEB000E7D98 /* XFTabBar.h */,
				FE13C38E1DF2ADEB000E7D98 /* XFTabBar.m */,
			);
			path = View;
			sourceTree = "<group>";
		};
		FE13C3901DF2AFD4000E7D98 /* Discover */ = {
			isa = PBXGroup;
			children = (
				FE13C3911DF2AFD4000E7D98 /* Controller */,
				FE13C3921DF2AFD4000E7D98 /* Model */,
				FE13C3931DF2AFD4000E7D98 /* Other */,
				FE13C3941DF2AFD4000E7D98 /* Service */,
				FE13C3951DF2AFD4000E7D98 /* View */,
			);
			path = Discover;
			sourceTree = "<group>";
		};
		FE13C3911DF2AFD4000E7D98 /* Controller */ = {
			isa = PBXGroup;
			children = (
				FE13C3971DF2B01B000E7D98 /* XFDiscoverViewController.h */,
				FE13C3981DF2B01B000E7D98 /* XFDiscoverViewController.m */,
			);
			path = Controller;
			sourceTree = "<group>";
		};
		FE13C3921DF2AFD4000E7D98 /* Model */ = {
			isa = PBXGroup;
			children = (
			);
			path = Model;
			sourceTree = "<group>";
		};
		FE13C3931DF2AFD4000E7D98 /* Other */ = {
			isa = PBXGroup;
			children = (
			);
			path = Other;
			sourceTree = "<group>";
		};
		FE13C3941DF2AFD4000E7D98 /* Service */ = {
			isa = PBXGroup;
			children = (
			);
			path = Service;
			sourceTree = "<group>";
		};
		FE13C3951DF2AFD4000E7D98 /* View */ = {
			isa = PBXGroup;
			children = (
			);
			path = View;
			sourceTree = "<group>";
		};
		FE13C3961DF2AFE1000E7D98 /* Other */ = {
			isa = PBXGroup;
			children = (
			);
			path = Other;
			sourceTree = "<group>";
		};
		FE13C39A1DF2B141000E7D98 /* Message */ = {
			isa = PBXGroup;
			children = (
				FE13C39B1DF2B141000E7D98 /* Controller */,
				FE13C39C1DF2B141000E7D98 /* Model */,
				FE13C39D1DF2B141000E7D98 /* Other */,
				FE13C39E1DF2B141000E7D98 /* Service */,
				FE13C39F1DF2B141000E7D98 /* View */,
			);
			path = Message;
			sourceTree = "<group>";
		};
		FE13C39B1DF2B141000E7D98 /* Controller */ = {
			isa = PBXGroup;
			children = (
				FE13C3A01DF2B1A2000E7D98 /* XFMessageViewController.h */,
				FE13C3A11DF2B1A2000E7D98 /* XFMessageViewController.m */,
			);
			path = Controller;
			sourceTree = "<group>";
		};
		FE13C39C1DF2B141000E7D98 /* Model */ = {
			isa = PBXGroup;
			children = (
			);
			path = Model;
			sourceTree = "<group>";
		};
		FE13C39D1DF2B141000E7D98 /* Other */ = {
			isa = PBXGroup;
			children = (
			);
			path = Other;
			sourceTree = "<group>";
		};
		FE13C39E1DF2B141000E7D98 /* Service */ = {
			isa = PBXGroup;
			children = (
			);
			path = Service;
			sourceTree = "<group>";
		};
		FE13C39F1DF2B141000E7D98 /* View */ = {
			isa = PBXGroup;
			children = (
			);
			path = View;
			sourceTree = "<group>";
		};
		FE13C3E01DF56BB7000E7D98 /* CollectionView */ = {
			isa = PBXGroup;
			children = (
				FE13C3E11DF56BB7000E7D98 /* Controller */,
				FE13C3E41DF56BB7000E7D98 /* Model */,
				FE13C3E51DF56BB7000E7D98 /* Other */,
				FE13C3E81DF56BB7000E7D98 /* Service */,
				FE13C3E91DF56BB7000E7D98 /* View */,
			);
			path = CollectionView;
			sourceTree = "<group>";
		};
		FE13C3E11DF56BB7000E7D98 /* Controller */ = {
			isa = PBXGroup;
			children = (
				FE13C3E21DF56BB7000E7D98 /* XFCollectionViewController.h */,
				FE13C3E31DF56BB7000E7D98 /* XFCollectionViewController.m */,
			);
			path = Controller;
			sourceTree = "<group>";
		};
		FE13C3E41DF56BB7000E7D98 /* Model */ = {
			isa = PBXGroup;
			children = (
			);
			path = Model;
			sourceTree = "<group>";
		};
		FE13C3E51DF56BB7000E7D98 /* Other */ = {
			isa = PBXGroup;
			children = (
				FE13C3E61DF56BB7000E7D98 /* XFCollectionViewFlowLayout.h */,
				FE13C3E71DF56BB7000E7D98 /* XFCollectionViewFlowLayout.m */,
			);
			path = Other;
			sourceTree = "<group>";
		};
		FE13C3E81DF56BB7000E7D98 /* Service */ = {
			isa = PBXGroup;
			children = (
			);
			path = Service;
			sourceTree = "<group>";
		};
		FE13C3E91DF56BB7000E7D98 /* View */ = {
			isa = PBXGroup;
			children = (
				FE13C40D1DF56C48000E7D98 /* XFCollectionViewCell.h */,
				FE13C40E1DF56C48000E7D98 /* XFCollectionViewCell.m */,
			);
			path = View;
			sourceTree = "<group>";
		};
		FE13C3EA1DF56BB7000E7D98 /* CustomTabBar */ = {
			isa = PBXGroup;
			children = (
				FE13C3EB1DF56BB7000E7D98 /* Controller */,
				FE13C3EE1DF56BB7000E7D98 /* Model */,
				FE13C3EF1DF56BB7000E7D98 /* Other */,
				FE13C3F01DF56BB7000E7D98 /* Service */,
				FE13C3F11DF56BB7000E7D98 /* View */,
			);
			path = CustomTabBar;
			sourceTree = "<group>";
		};
		FE13C3EB1DF56BB7000E7D98 /* Controller */ = {
			isa = PBXGroup;
			children = (
				FE13C3EC1DF56BB7000E7D98 /* XFCustomTabBarViewController.h */,
				FE13C3ED1DF56BB7000E7D98 /* XFCustomTabBarViewController.m */,
			);
			path = Controller;
			sourceTree = "<group>";
		};
		FE13C3EE1DF56BB7000E7D98 /* Model */ = {
			isa = PBXGroup;
			children = (
			);
			path = Model;
			sourceTree = "<group>";
		};
		FE13C3EF1DF56BB7000E7D98 /* Other */ = {
			isa = PBXGroup;
			children = (
			);
			path = Other;
			sourceTree = "<group>";
		};
		FE13C3F01DF56BB7000E7D98 /* Service */ = {
			isa = PBXGroup;
			children = (
			);
			path = Service;
			sourceTree = "<group>";
		};
		FE13C3F11DF56BB7000E7D98 /* View */ = {
			isa = PBXGroup;
			children = (
			);
			path = View;
			sourceTree = "<group>";
		};
		FE13C3F21DF56BB7000E7D98 /* Root */ = {
			isa = PBXGroup;
			children = (
				FE13C3F31DF56BB7000E7D98 /* Controller */,
				FE13C3F61DF56BB7000E7D98 /* Model */,
				FE13C3F91DF56BB7000E7D98 /* Other */,
				FE13C3FA1DF56BB7000E7D98 /* Service */,
				FE13C3FB1DF56BB7000E7D98 /* View */,
			);
			path = Root;
			sourceTree = "<group>";
		};
		FE13C3F31DF56BB7000E7D98 /* Controller */ = {
			isa = PBXGroup;
			children = (
				FE13C3F41DF56BB7000E7D98 /* XFHomeViewController.h */,
				FE13C3F51DF56BB7000E7D98 /* XFHomeViewController.m */,
			);
			path = Controller;
			sourceTree = "<group>";
		};
		FE13C3F61DF56BB7000E7D98 /* Model */ = {
			isa = PBXGroup;
			children = (
				FE13C3F71DF56BB7000E7D98 /* HomeRootModel.h */,
				FE13C3F81DF56BB7000E7D98 /* HomeRootModel.m */,
			);
			path = Model;
			sourceTree = "<group>";
		};
		FE13C3F91DF56BB7000E7D98 /* Other */ = {
			isa = PBXGroup;
			children = (
			);
			path = Other;
			sourceTree = "<group>";
		};
		FE13C3FA1DF56BB7000E7D98 /* Service */ = {
			isa = PBXGroup;
			children = (
			);
			path = Service;
			sourceTree = "<group>";
		};
		FE13C3FB1DF56BB7000E7D98 /* View */ = {
			isa = PBXGroup;
			children = (
			);
			path = View;
			sourceTree = "<group>";
		};
		FE13C3FC1DF56BB7000E7D98 /* Search */ = {
			isa = PBXGroup;
			children = (
				FE13C3FD1DF56BB7000E7D98 /* Controller */,
				FE13C4021DF56BB7000E7D98 /* Model */,
				FE13C4031DF56BB7000E7D98 /* Other */,
				FE13C4041DF56BB7000E7D98 /* Service */,
				FE13C4051DF56BB7000E7D98 /* View */,
			);
			path = Search;
			sourceTree = "<group>";
		};
		FE13C3FD1DF56BB7000E7D98 /* Controller */ = {
			isa = PBXGroup;
			children = (
				FE13C3FE1DF56BB7000E7D98 /* XFSearchResultsViewController.h */,
				FE13C3FF1DF56BB7000E7D98 /* XFSearchResultsViewController.m */,
				FE13C4001DF56BB7000E7D98 /* XFSearchViewController.h */,
				FE13C4011DF56BB7000E7D98 /* XFSearchViewController.m */,
			);
			path = Controller;
			sourceTree = "<group>";
		};
		FE13C4021DF56BB7000E7D98 /* Model */ = {
			isa = PBXGroup;
			children = (
			);
			path = Model;
			sourceTree = "<group>";
		};
		FE13C4031DF56BB7000E7D98 /* Other */ = {
			isa = PBXGroup;
			children = (
			);
			path = Other;
			sourceTree = "<group>";
		};
		FE13C4041DF56BB7000E7D98 /* Service */ = {
			isa = PBXGroup;
			children = (
			);
			path = Service;
			sourceTree = "<group>";
		};
		FE13C4051DF56BB7000E7D98 /* View */ = {
			isa = PBXGroup;
			children = (
			);
			path = View;
			sourceTree = "<group>";
		};
		FEA081871DF15F7A00318CA5 /* AppDelegate */ = {
			isa = PBXGroup;
			children = (
				FEA081881DF15F7A00318CA5 /* AppDelegate.h */,
				FEA081891DF15F7A00318CA5 /* AppDelegate.m */,
				FE13C3B71DF4613E000E7D98 /* AppDelegate+ThirdSetup.h */,
				FE13C3B81DF4613E000E7D98 /* AppDelegate+ThirdSetup.m */,
			);
			path = AppDelegate;
			sourceTree = "<group>";
		};
		FEA0818D1DF15FD000318CA5 /* Main */ = {
			isa = PBXGroup;
			children = (
				FEA0818F1DF15FD000318CA5 /* Home */,
				FE13C39A1DF2B141000E7D98 /* Message */,
				FE13C3901DF2AFD4000E7D98 /* Discover */,
				FEA081941DF15FD000318CA5 /* Me */,
				FEA081951DF15FD000318CA5 /* Settings */,
				FEA0818E1DF15FD000318CA5 /* Base */,
			);
			path = Main;
			sourceTree = "<group>";
		};
		FEA0818E1DF15FD000318CA5 /* Base */ = {
			isa = PBXGroup;
			children = (
				FEA081AF1DF160A400318CA5 /* Controller */,
				FEA081B21DF160A400318CA5 /* Model */,
				FEA081B31DF160A400318CA5 /* Service */,
				FEA081B41DF160A400318CA5 /* View */,
				FE13C3961DF2AFE1000E7D98 /* Other */,
			);
			path = Base;
			sourceTree = "<group>";
		};
		FEA0818F1DF15FD000318CA5 /* Home */ = {
			isa = PBXGroup;
			children = (
				FE13C3E01DF56BB7000E7D98 /* CollectionView */,
				FE13C3EA1DF56BB7000E7D98 /* CustomTabBar */,
				FE13C3F21DF56BB7000E7D98 /* Root */,
				FE13C3FC1DF56BB7000E7D98 /* Search */,
			);
			path = Home;
			sourceTree = "<group>";
		};
		FEA081941DF15FD000318CA5 /* Me */ = {
			isa = PBXGroup;
			children = (
				FEA081BD1DF165B900318CA5 /* Controller */,
				FEA081BE1DF165B900318CA5 /* Model */,
				FEA081BF1DF165B900318CA5 /* Other */,
				FEA081C01DF165B900318CA5 /* Service */,
				FEA081C11DF165B900318CA5 /* View */,
			);
			path = Me;
			sourceTree = "<group>";
		};
		FEA081951DF15FD000318CA5 /* Settings */ = {
			isa = PBXGroup;
			children = (
			);
			path = Settings;
			sourceTree = "<group>";
		};
		FEA081961DF15FE200318CA5 /* Resource */ = {
			isa = PBXGroup;
			children = (
				FEA081F81DF2748C00318CA5 /* Strings */,
				FEA081971DF15FE200318CA5 /* Image */,
				FEA081991DF15FE200318CA5 /* Plist */,
				FEA0819A1DF15FE200318CA5 /* Xib */,
			);
			path = Resource;
			sourceTree = "<group>";
		};
		FEA081971DF15FE200318CA5 /* Image */ = {
			isa = PBXGroup;
			children = (
				FEA081981DF15FE200318CA5 /* Assets.xcassets */,
			);
			path = Image;
			sourceTree = "<group>";
		};
		FEA081991DF15FE200318CA5 /* Plist */ = {
			isa = PBXGroup;
			children = (
				FEA0818B1DF15FB600318CA5 /* Info.plist */,
				FE13C3BC1DF535F3000E7D98 /* HomeRootData.plist */,
			);
			path = Plist;
			sourceTree = "<group>";
		};
		FEA0819A1DF15FE200318CA5 /* Xib */ = {
			isa = PBXGroup;
			children = (
				FEA0819B1DF15FE200318CA5 /* LaunchScreen.storyboard */,
			);
			path = Xib;
			sourceTree = "<group>";
		};
		FEA0819E1DF15FED00318CA5 /* Vender */ = {
			isa = PBXGroup;
			children = (
			);
			path = Vender;
			sourceTree = "<group>";
		};
		FEA0819F1DF15FFE00318CA5 /* Expand */ = {
			isa = PBXGroup;
			children = (
				FEA081A31DF15FFE00318CA5 /* Define */,
				FEA081A01DF15FFE00318CA5 /* Cache */,
				FEA081A11DF15FFE00318CA5 /* Category */,
				FEA081A21DF15FFE00318CA5 /* DataBase */,
				FEA081A61DF15FFE00318CA5 /* Global */,
				FEA081A91DF15FFE00318CA5 /* Network */,
				FEA081AA1DF15FFE00318CA5 /* Tool */,
				FEA081AB1DF15FFE00318CA5 /* Widget */,
			);
			path = Expand;
			sourceTree = "<group>";
		};
		FEA081A01DF15FFE00318CA5 /* Cache */ = {
			isa = PBXGroup;
			children = (
			);
			path = Cache;
			sourceTree = "<group>";
		};
		FEA081A11DF15FFE00318CA5 /* Category */ = {
			isa = PBXGroup;
			children = (
				FEA081EB1DF25EB200318CA5 /* NSObject */,
				FEA081DC1DF1B65000318CA5 /* UIImage */,
				FEA081D31DF1ABE100318CA5 /* UIView */,
				FEA081CE1DF1A7E000318CA5 /* UIButton */,
				FEA081C81DF1705500318CA5 /* UIColor */,
				FE13C3AE1DF31537000E7D98 /* UIBarButtonItem+Create.h */,
				FE13C3AF1DF31537000E7D98 /* UIBarButtonItem+Create.m */,
			);
			path = Category;
			sourceTree = "<group>";
		};
		FEA081A21DF15FFE00318CA5 /* DataBase */ = {
			isa = PBXGroup;
			children = (
			);
			path = DataBase;
			sourceTree = "<group>";
		};
		FEA081A31DF15FFE00318CA5 /* Define */ = {
			isa = PBXGroup;
			children = (
				FEA081A41DF15FFE00318CA5 /* Const */,
				FEA081A51DF15FFE00318CA5 /* Macros */,
				FEA081CC1DF17EB200318CA5 /* XFColorDefine.h */,
				FEA081EF1DF264FE00318CA5 /* XFHTTPStatusDefine.h */,
			);
			path = Define;
			sourceTree = "<group>";
		};
		FEA081A41DF15FFE00318CA5 /* Const */ = {
			isa = PBXGroup;
			children = (
				FE13C3C61DF54844000E7D98 /* XFConstThirdInfo.h */,
				FE13C3C71DF54844000E7D98 /* XFConstThirdInfo.m */,
			);
			path = Const;
			sourceTree = "<group>";
		};
		FEA081A51DF15FFE00318CA5 /* Macros */ = {
			isa = PBXGroup;
			children = (
				FEA081D21DF1AA6400318CA5 /* XFMacroSize.h */,
				FEA081F01DF2709500318CA5 /* XFMacroLog.h */,
				FE13C3C51DF54801000E7D98 /* XFMacroProperty.h */,
			);
			path = Macros;
			sourceTree = "<group>";
		};
		FEA081A61DF15FFE00318CA5 /* Global */ = {
			isa = PBXGroup;
			children = (
				FEA081A71DF15FFE00318CA5 /* NavBar */,
				FEA081A81DF15FFE00318CA5 /* TabBar */,
			);
			path = Global;
			sourceTree = "<group>";
		};
		FEA081A71DF15FFE00318CA5 /* NavBar */ = {
			isa = PBXGroup;
			children = (
				FEA081C51DF1673900318CA5 /* XFNavigationController.h */,
				FEA081C61DF1673900318CA5 /* XFNavigationController.m */,
			);
			path = NavBar;
			sourceTree = "<group>";
		};
		FEA081A81DF15FFE00318CA5 /* TabBar */ = {
			isa = PBXGroup;
			children = (
				FE13C3881DF2ADCB000E7D98 /* Controller */,
				FE13C38B1DF2ADCB000E7D98 /* View */,
			);
			path = TabBar;
			sourceTree = "<group>";
		};
		FEA081A91DF15FFE00318CA5 /* Network */ = {
			isa = PBXGroup;
			children = (
				FEA081E01DF2586300318CA5 /* XFNetworking */,
			);
			path = Network;
			sourceTree = "<group>";
		};
		FEA081AA1DF15FFE00318CA5 /* Tool */ = {
			isa = PBXGroup;
			children = (
				FEA081F11DF2724D00318CA5 /* XFError */,
				FEA081E41DF2595200318CA5 /* PropertyListParser */,
				FEA081DA1DF1AE0600318CA5 /* Foundation+Log.m */,
			);
			path = Tool;
			sourceTree = "<group>";
		};
		FEA081AB1DF15FFE00318CA5 /* Widget */ = {
			isa = PBXGroup;
			children = (
			);
			path = Widget;
			sourceTree = "<group>";
		};
		FEA081AF1DF160A400318CA5 /* Controller */ = {
			isa = PBXGroup;
			children = (
				FEA081B01DF160A400318CA5 /* XFBaseViewController.h */,
				FEA081B11DF160A400318CA5 /* XFBaseViewController.m */,
			);
			path = Controller;
			sourceTree = "<group>";
		};
		FEA081B21DF160A400318CA5 /* Model */ = {
			isa = PBXGroup;
			children = (
			);
			path = Model;
			sourceTree = "<group>";
		};
		FEA081B31DF160A400318CA5 /* Service */ = {
			isa = PBXGroup;
			children = (
			);
			path = Service;
			sourceTree = "<group>";
		};
		FEA081B41DF160A400318CA5 /* View */ = {
			isa = PBXGroup;
			children = (
			);
			path = View;
			sourceTree = "<group>";
		};
		FEA081BD1DF165B900318CA5 /* Controller */ = {
			isa = PBXGroup;
			children = (
				FEA081C21DF165CE00318CA5 /* XFMeViewController.h */,
				FEA081C31DF165CE00318CA5 /* XFMeViewController.m */,
			);
			path = Controller;
			sourceTree = "<group>";
		};
		FEA081BE1DF165B900318CA5 /* Model */ = {
			isa = PBXGroup;
			children = (
			);
			path = Model;
			sourceTree = "<group>";
		};
		FEA081BF1DF165B900318CA5 /* Other */ = {
			isa = PBXGroup;
			children = (
			);
			path = Other;
			sourceTree = "<group>";
		};
		FEA081C01DF165B900318CA5 /* Service */ = {
			isa = PBXGroup;
			children = (
			);
			path = Service;
			sourceTree = "<group>";
		};
		FEA081C11DF165B900318CA5 /* View */ = {
			isa = PBXGroup;
			children = (
			);
			path = View;
			sourceTree = "<group>";
		};
		FEA081C81DF1705500318CA5 /* UIColor */ = {
			isa = PBXGroup;
			children = (
				FEA081C91DF1707500318CA5 /* UIColor+Extension.h */,
				FEA081CA1DF1707500318CA5 /* UIColor+Extension.m */,
				FE13C3851DF28692000E7D98 /* UIColor+Project.h */,
				FE13C3861DF28692000E7D98 /* UIColor+Project.m */,
			);
			path = UIColor;
			sourceTree = "<group>";
		};
		FEA081CE1DF1A7E000318CA5 /* UIButton */ = {
			isa = PBXGroup;
			children = (
				FEA081CF1DF1A81500318CA5 /* UIButton+Create.h */,
				FEA081D01DF1A81500318CA5 /* UIButton+Create.m */,
				FEA081D71DF1AD6000318CA5 /* UIButton+EnlargeEdge.h */,
				FEA081D81DF1AD6000318CA5 /* UIButton+EnlargeEdge.m */,
			);
			path = UIButton;
			sourceTree = "<group>";
		};
		FEA081D31DF1ABE100318CA5 /* UIView */ = {
			isa = PBXGroup;
			children = (
				FEA081D41DF1AC0400318CA5 /* UIView+Rect.h */,
				FEA081D51DF1AC0400318CA5 /* UIView+Rect.m */,
			);
			path = UIView;
			sourceTree = "<group>";
		};
		FEA081DC1DF1B65000318CA5 /* UIImage */ = {
			isa = PBXGroup;
			children = (
				FEA081DD1DF1B70200318CA5 /* UIImage+Create.h */,
				FEA081DE1DF1B70200318CA5 /* UIImage+Create.m */,
			);
			path = UIImage;
			sourceTree = "<group>";
		};
		FEA081E01DF2586300318CA5 /* XFNetworking */ = {
			isa = PBXGroup;
			children = (
				FEA081E11DF2586D00318CA5 /* XFNetworking.h */,
				FEA081E21DF2586D00318CA5 /* XFNetworking.m */,
			);
			path = XFNetworking;
			sourceTree = "<group>";
		};
		FEA081E41DF2595200318CA5 /* PropertyListParser */ = {
			isa = PBXGroup;
			children = (
				FEA081E51DF2595200318CA5 /* PropertyListParser.h */,
				FEA081E61DF2595200318CA5 /* PropertyListParser.m */,
				FEA081E71DF2595200318CA5 /* TreeNode.h */,
				FEA081E81DF2595200318CA5 /* TreeNode.m */,
			);
			path = PropertyListParser;
			sourceTree = "<group>";
		};
		FEA081EB1DF25EB200318CA5 /* NSObject */ = {
			isa = PBXGroup;
			children = (
				FEA081EC1DF25EB200318CA5 /* NSObject+Ext.h */,
				FEA081ED1DF25EB200318CA5 /* NSObject+Ext.m */,
			);
			path = NSObject;
			sourceTree = "<group>";
		};
		FEA081F11DF2724D00318CA5 /* XFError */ = {
			isa = PBXGroup;
			children = (
				FEA081F21DF2726100318CA5 /* XFError.h */,
				FEA081F31DF2726100318CA5 /* XFError.m */,
				FEA081F51DF272DC00318CA5 /* JDError.h */,
				FEA081F61DF272DC00318CA5 /* JDError.m */,
			);
			path = XFError;
			sourceTree = "<group>";
		};
		FEA081F81DF2748C00318CA5 /* Strings */ = {
			isa = PBXGroup;
			children = (
				FEA082081DF278F600318CA5 /* Localizable.strings */,
				FEA0820A1DF2797400318CA5 /* XFError.strings */,
				FE13C3BA1DF5350E000E7D98 /* Home.strings */,
			);
			path = Strings;
			sourceTree = "<group>";
		};
/* End PBXGroup section */

/* Begin PBXNativeTarget section */
		FE1267121DF13A5300BBDB14 /* XFiOSKitDemo */ = {
			isa = PBXNativeTarget;
			buildConfigurationList = FE1267401DF13A5300BBDB14 /* Build configuration list for PBXNativeTarget "XFiOSKitDemo" */;
			buildPhases = (
				C413C46FACD31A24CAF6BC80 /* [CP] Check Pods Manifest.lock */,
				FE12670F1DF13A5300BBDB14 /* Sources */,
				FE1267101DF13A5300BBDB14 /* Frameworks */,
				FE1267111DF13A5300BBDB14 /* Resources */,
				D4CFE529CEFBFAEB90C46A38 /* [CP] Embed Pods Frameworks */,
				D5819ACBF7C2F3936786C0C0 /* [CP] Copy Pods Resources */,
			);
			buildRules = (
			);
			dependencies = (
			);
			name = XFiOSKitDemo;
			productName = XFiOSKitDemo;
			productReference = FE1267131DF13A5300BBDB14 /* XFiOSKitDemo.app */;
			productType = "com.apple.product-type.application";
		};
		FE12672B1DF13A5300BBDB14 /* XFiOSKitDemoTests */ = {
			isa = PBXNativeTarget;
			buildConfigurationList = FE1267431DF13A5300BBDB14 /* Build configuration list for PBXNativeTarget "XFiOSKitDemoTests" */;
			buildPhases = (
				E78E4943F333ABE730065FA2 /* [CP] Check Pods Manifest.lock */,
				FE1267281DF13A5300BBDB14 /* Sources */,
				FE1267291DF13A5300BBDB14 /* Frameworks */,
				FE12672A1DF13A5300BBDB14 /* Resources */,
				7C78D1EE3B45908A73DE8DAD /* [CP] Embed Pods Frameworks */,
				C2C6D3B5CC0339D2710D178A /* [CP] Copy Pods Resources */,
			);
			buildRules = (
			);
			dependencies = (
				FE12672E1DF13A5300BBDB14 /* PBXTargetDependency */,
			);
			name = XFiOSKitDemoTests;
			productName = XFiOSKitDemoTests;
			productReference = FE12672C1DF13A5300BBDB14 /* XFiOSKitDemoTests.xctest */;
			productType = "com.apple.product-type.bundle.unit-test";
		};
		FE1267361DF13A5300BBDB14 /* XFiOSKitDemoUITests */ = {
			isa = PBXNativeTarget;
			buildConfigurationList = FE1267461DF13A5300BBDB14 /* Build configuration list for PBXNativeTarget "XFiOSKitDemoUITests" */;
			buildPhases = (
				D30E87773BBCC03F2B3CDD4E /* [CP] Check Pods Manifest.lock */,
				FE1267331DF13A5300BBDB14 /* Sources */,
				FE1267341DF13A5300BBDB14 /* Frameworks */,
				FE1267351DF13A5300BBDB14 /* Resources */,
				E07FED4F0BB984E3ACA25F2C /* [CP] Embed Pods Frameworks */,
				694551245C2E2A5A79623AF3 /* [CP] Copy Pods Resources */,
			);
			buildRules = (
			);
			dependencies = (
				FE1267391DF13A5300BBDB14 /* PBXTargetDependency */,
			);
			name = XFiOSKitDemoUITests;
			productName = XFiOSKitDemoUITests;
			productReference = FE1267371DF13A5300BBDB14 /* XFiOSKitDemoUITests.xctest */;
			productType = "com.apple.product-type.bundle.ui-testing";
		};
/* End PBXNativeTarget section */

/* Begin PBXProject section */
		FE12670B1DF13A5300BBDB14 /* Project object */ = {
			isa = PBXProject;
			attributes = {
				CLASSPREFIX = XF;
				LastUpgradeCheck = 0810;
				ORGANIZATIONNAME = DamonLiao;
				TargetAttributes = {
					FE1267121DF13A5300BBDB14 = {
						CreatedOnToolsVersion = 8.1;
						DevelopmentTeam = QUP3N2G398;
						ProvisioningStyle = Automatic;
					};
					FE12672B1DF13A5300BBDB14 = {
						CreatedOnToolsVersion = 8.1;
						ProvisioningStyle = Automatic;
						TestTargetID = FE1267121DF13A5300BBDB14;
					};
					FE1267361DF13A5300BBDB14 = {
						CreatedOnToolsVersion = 8.1;
						ProvisioningStyle = Automatic;
						TestTargetID = FE1267121DF13A5300BBDB14;
					};
				};
			};
			buildConfigurationList = FE12670E1DF13A5300BBDB14 /* Build configuration list for PBXProject "XFiOSKitDemo" */;
			compatibilityVersion = "Xcode 3.2";
			developmentRegion = English;
			hasScannedForEncodings = 0;
			knownRegions = (
				en,
				Base,
			);
			mainGroup = FE12670A1DF13A5300BBDB14;
			productRefGroup = FE1267141DF13A5300BBDB14 /* Products */;
			projectDirPath = "";
			projectRoot = "";
			targets = (
				FE1267121DF13A5300BBDB14 /* XFiOSKitDemo */,
				FE12672B1DF13A5300BBDB14 /* XFiOSKitDemoTests */,
				FE1267361DF13A5300BBDB14 /* XFiOSKitDemoUITests */,
			);
		};
/* End PBXProject section */

/* Begin PBXResourcesBuildPhase section */
		FE1267111DF13A5300BBDB14 /* Resources */ = {
			isa = PBXResourcesBuildPhase;
			buildActionMask = 2147483647;
			files = (
				FE13C3BD1DF535F3000E7D98 /* HomeRootData.plist in Resources */,
				FEA0819D1DF15FE200318CA5 /* LaunchScreen.storyboard in Resources */,
				FEA082091DF278F600318CA5 /* Localizable.strings in Resources */,
				FEA0819C1DF15FE200318CA5 /* Assets.xcassets in Resources */,
				FEA0818C1DF15FB600318CA5 /* Info.plist in Resources */,
				FEA0820B1DF2797400318CA5 /* XFError.strings in Resources */,
				FE13C3BB1DF5350E000E7D98 /* Home.strings in Resources */,
			);
			runOnlyForDeploymentPostprocessing = 0;
		};
		FE12672A1DF13A5300BBDB14 /* Resources */ = {
			isa = PBXResourcesBuildPhase;
			buildActionMask = 2147483647;
			files = (
			);
			runOnlyForDeploymentPostprocessing = 0;
		};
		FE1267351DF13A5300BBDB14 /* Resources */ = {
			isa = PBXResourcesBuildPhase;
			buildActionMask = 2147483647;
			files = (
			);
			runOnlyForDeploymentPostprocessing = 0;
		};
/* End PBXResourcesBuildPhase section */

/* Begin PBXShellScriptBuildPhase section */
		694551245C2E2A5A79623AF3 /* [CP] Copy Pods Resources */ = {
			isa = PBXShellScriptBuildPhase;
			buildActionMask = 2147483647;
			files = (
			);
			inputPaths = (
			);
			name = "[CP] Copy Pods Resources";
			outputPaths = (
			);
			runOnlyForDeploymentPostprocessing = 0;
			shellPath = /bin/sh;
			shellScript = "\"${SRCROOT}/Pods/Target Support Files/Pods-XFiOSKitDemoUITests/Pods-XFiOSKitDemoUITests-resources.sh\"\n";
			showEnvVarsInLog = 0;
		};
		7C78D1EE3B45908A73DE8DAD /* [CP] Embed Pods Frameworks */ = {
			isa = PBXShellScriptBuildPhase;
			buildActionMask = 2147483647;
			files = (
			);
			inputPaths = (
			);
			name = "[CP] Embed Pods Frameworks";
			outputPaths = (
			);
			runOnlyForDeploymentPostprocessing = 0;
			shellPath = /bin/sh;
			shellScript = "\"${SRCROOT}/Pods/Target Support Files/Pods-XFiOSKitDemoTests/Pods-XFiOSKitDemoTests-frameworks.sh\"\n";
			showEnvVarsInLog = 0;
		};
		C2C6D3B5CC0339D2710D178A /* [CP] Copy Pods Resources */ = {
			isa = PBXShellScriptBuildPhase;
			buildActionMask = 2147483647;
			files = (
			);
			inputPaths = (
			);
			name = "[CP] Copy Pods Resources";
			outputPaths = (
			);
			runOnlyForDeploymentPostprocessing = 0;
			shellPath = /bin/sh;
			shellScript = "\"${SRCROOT}/Pods/Target Support Files/Pods-XFiOSKitDemoTests/Pods-XFiOSKitDemoTests-resources.sh\"\n";
			showEnvVarsInLog = 0;
		};
		C413C46FACD31A24CAF6BC80 /* [CP] Check Pods Manifest.lock */ = {
			isa = PBXShellScriptBuildPhase;
			buildActionMask = 2147483647;
			files = (
			);
			inputPaths = (
			);
			name = "[CP] Check Pods Manifest.lock";
			outputPaths = (
			);
			runOnlyForDeploymentPostprocessing = 0;
			shellPath = /bin/sh;
			shellScript = "diff \"${PODS_ROOT}/../Podfile.lock\" \"${PODS_ROOT}/Manifest.lock\" > /dev/null\nif [ $? != 0 ] ; then\n    # print error to STDERR\n    echo \"error: The sandbox is not in sync with the Podfile.lock. Run 'pod install' or update your CocoaPods installation.\" >&2\n    exit 1\nfi\n";
			showEnvVarsInLog = 0;
		};
		D30E87773BBCC03F2B3CDD4E /* [CP] Check Pods Manifest.lock */ = {
			isa = PBXShellScriptBuildPhase;
			buildActionMask = 2147483647;
			files = (
			);
			inputPaths = (
			);
			name = "[CP] Check Pods Manifest.lock";
			outputPaths = (
			);
			runOnlyForDeploymentPostprocessing = 0;
			shellPath = /bin/sh;
			shellScript = "diff \"${PODS_ROOT}/../Podfile.lock\" \"${PODS_ROOT}/Manifest.lock\" > /dev/null\nif [ $? != 0 ] ; then\n    # print error to STDERR\n    echo \"error: The sandbox is not in sync with the Podfile.lock. Run 'pod install' or update your CocoaPods installation.\" >&2\n    exit 1\nfi\n";
			showEnvVarsInLog = 0;
		};
		D4CFE529CEFBFAEB90C46A38 /* [CP] Embed Pods Frameworks */ = {
			isa = PBXShellScriptBuildPhase;
			buildActionMask = 2147483647;
			files = (
			);
			inputPaths = (
			);
			name = "[CP] Embed Pods Frameworks";
			outputPaths = (
			);
			runOnlyForDeploymentPostprocessing = 0;
			shellPath = /bin/sh;
			shellScript = "\"${SRCROOT}/Pods/Target Support Files/Pods-XFiOSKitDemo/Pods-XFiOSKitDemo-frameworks.sh\"\n";
			showEnvVarsInLog = 0;
		};
		D5819ACBF7C2F3936786C0C0 /* [CP] Copy Pods Resources */ = {
			isa = PBXShellScriptBuildPhase;
			buildActionMask = 2147483647;
			files = (
			);
			inputPaths = (
			);
			name = "[CP] Copy Pods Resources";
			outputPaths = (
			);
			runOnlyForDeploymentPostprocessing = 0;
			shellPath = /bin/sh;
			shellScript = "\"${SRCROOT}/Pods/Target Support Files/Pods-XFiOSKitDemo/Pods-XFiOSKitDemo-resources.sh\"\n";
			showEnvVarsInLog = 0;
		};
		E07FED4F0BB984E3ACA25F2C /* [CP] Embed Pods Frameworks */ = {
			isa = PBXShellScriptBuildPhase;
			buildActionMask = 2147483647;
			files = (
			);
			inputPaths = (
			);
			name = "[CP] Embed Pods Frameworks";
			outputPaths = (
			);
			runOnlyForDeploymentPostprocessing = 0;
			shellPath = /bin/sh;
			shellScript = "\"${SRCROOT}/Pods/Target Support Files/Pods-XFiOSKitDemoUITests/Pods-XFiOSKitDemoUITests-frameworks.sh\"\n";
			showEnvVarsInLog = 0;
		};
		E78E4943F333ABE730065FA2 /* [CP] Check Pods Manifest.lock */ = {
			isa = PBXShellScriptBuildPhase;
			buildActionMask = 2147483647;
			files = (
			);
			inputPaths = (
			);
			name = "[CP] Check Pods Manifest.lock";
			outputPaths = (
			);
			runOnlyForDeploymentPostprocessing = 0;
			shellPath = /bin/sh;
			shellScript = "diff \"${PODS_ROOT}/../Podfile.lock\" \"${PODS_ROOT}/Manifest.lock\" > /dev/null\nif [ $? != 0 ] ; then\n    # print error to STDERR\n    echo \"error: The sandbox is not in sync with the Podfile.lock. Run 'pod install' or update your CocoaPods installation.\" >&2\n    exit 1\nfi\n";
			showEnvVarsInLog = 0;
		};
/* End PBXShellScriptBuildPhase section */

/* Begin PBXSourcesBuildPhase section */
		FE12670F1DF13A5300BBDB14 /* Sources */ = {
			isa = PBXSourcesBuildPhase;
			buildActionMask = 2147483647;
			files = (
				FE13C4061DF56BB7000E7D98 /* XFCollectionViewController.m in Sources */,
				FEA081EE1DF25EB200318CA5 /* NSObject+Ext.m in Sources */,
				FE13C40B1DF56BB7000E7D98 /* XFSearchResultsViewController.m in Sources */,
				FE1267181DF13A5300BBDB14 /* main.m in Sources */,
				FEA081E91DF2595200318CA5 /* PropertyListParser.m in Sources */,
				FEA0818A1DF15F7A00318CA5 /* AppDelegate.m in Sources */,
				FE13C40C1DF56BB7000E7D98 /* XFSearchViewController.m in Sources */,
				FE13C3C81DF54844000E7D98 /* XFConstThirdInfo.m in Sources */,
				FEA081D61DF1AC0400318CA5 /* UIView+Rect.m in Sources */,
				FEA081DF1DF1B70200318CA5 /* UIImage+Create.m in Sources */,
				FEA081D91DF1AD6000318CA5 /* UIButton+EnlargeEdge.m in Sources */,
				FE13C4091DF56BB7000E7D98 /* XFHomeViewController.m in Sources */,
				FE13C38F1DF2ADEB000E7D98 /* XFTabBar.m in Sources */,
				FE13C3871DF28692000E7D98 /* UIColor+Project.m in Sources */,
				FEA081D11DF1A81500318CA5 /* UIButton+Create.m in Sources */,
				FEA081C71DF1673900318CA5 /* XFNavigationController.m in Sources */,
				FEA081CB1DF1707500318CA5 /* UIColor+Extension.m in Sources */,
				FE13C4071DF56BB7000E7D98 /* XFCollectionViewFlowLayout.m in Sources */,
				FE13C3A21DF2B1A2000E7D98 /* XFMessageViewController.m in Sources */,
				FEA081B51DF160A400318CA5 /* XFBaseViewController.m in Sources */,
				FE13C4081DF56BB7000E7D98 /* XFCustomTabBarViewController.m in Sources */,
				FEA081EA1DF2595200318CA5 /* TreeNode.m in Sources */,
				FE13C38C1DF2ADCB000E7D98 /* XFTabBarController.m in Sources */,
				FEA081C41DF165CE00318CA5 /* XFMeViewController.m in Sources */,
				FE13C40F1DF56C48000E7D98 /* XFCollectionViewCell.m in Sources */,
				FE13C40A1DF56BB7000E7D98 /* HomeRootModel.m in Sources */,
				FEA081E31DF2586D00318CA5 /* XFNetworking.m in Sources */,
				FEA081F71DF272DC00318CA5 /* JDError.m in Sources */,
				FEA081F41DF2726100318CA5 /* XFError.m in Sources */,
				FE13C3B01DF31537000E7D98 /* UIBarButtonItem+Create.m in Sources */,
				FEA081DB1DF1AE0600318CA5 /* Foundation+Log.m in Sources */,
				FE13C3B91DF4613E000E7D98 /* AppDelegate+ThirdSetup.m in Sources */,
				FE13C3991DF2B01B000E7D98 /* XFDiscoverViewController.m in Sources */,
			);
			runOnlyForDeploymentPostprocessing = 0;
		};
		FE1267281DF13A5300BBDB14 /* Sources */ = {
			isa = PBXSourcesBuildPhase;
			buildActionMask = 2147483647;
			files = (
				FE1267311DF13A5300BBDB14 /* XFiOSKitDemoTests.m in Sources */,
			);
			runOnlyForDeploymentPostprocessing = 0;
		};
		FE1267331DF13A5300BBDB14 /* Sources */ = {
			isa = PBXSourcesBuildPhase;
			buildActionMask = 2147483647;
			files = (
				FE12673C1DF13A5300BBDB14 /* XFiOSKitDemoUITests.m in Sources */,
			);
			runOnlyForDeploymentPostprocessing = 0;
		};
/* End PBXSourcesBuildPhase section */

/* Begin PBXTargetDependency section */
		FE12672E1DF13A5300BBDB14 /* PBXTargetDependency */ = {
			isa = PBXTargetDependency;
			target = FE1267121DF13A5300BBDB14 /* XFiOSKitDemo */;
			targetProxy = FE12672D1DF13A5300BBDB14 /* PBXContainerItemProxy */;
		};
		FE1267391DF13A5300BBDB14 /* PBXTargetDependency */ = {
			isa = PBXTargetDependency;
			target = FE1267121DF13A5300BBDB14 /* XFiOSKitDemo */;
			targetProxy = FE1267381DF13A5300BBDB14 /* PBXContainerItemProxy */;
		};
/* End PBXTargetDependency section */

/* Begin XCBuildConfiguration section */
		FE12673E1DF13A5300BBDB14 /* Debug */ = {
			isa = XCBuildConfiguration;
			buildSettings = {
				ALWAYS_SEARCH_USER_PATHS = NO;
				CLANG_ANALYZER_NONNULL = YES;
				CLANG_CXX_LANGUAGE_STANDARD = "gnu++0x";
				CLANG_CXX_LIBRARY = "libc++";
				CLANG_ENABLE_MODULES = YES;
				CLANG_ENABLE_OBJC_ARC = YES;
				CLANG_WARN_BOOL_CONVERSION = YES;
				CLANG_WARN_CONSTANT_CONVERSION = YES;
				CLANG_WARN_DIRECT_OBJC_ISA_USAGE = YES_ERROR;
				CLANG_WARN_DOCUMENTATION_COMMENTS = YES;
				CLANG_WARN_EMPTY_BODY = YES;
				CLANG_WARN_ENUM_CONVERSION = YES;
				CLANG_WARN_INFINITE_RECURSION = YES;
				CLANG_WARN_INT_CONVERSION = YES;
				CLANG_WARN_OBJC_ROOT_CLASS = YES_ERROR;
				CLANG_WARN_SUSPICIOUS_MOVES = YES;
				CLANG_WARN_UNREACHABLE_CODE = YES;
				CLANG_WARN__DUPLICATE_METHOD_MATCH = YES;
				"CODE_SIGN_IDENTITY[sdk=iphoneos*]" = "iPhone Developer";
				COPY_PHASE_STRIP = NO;
				DEBUG_INFORMATION_FORMAT = dwarf;
				ENABLE_STRICT_OBJC_MSGSEND = YES;
				ENABLE_TESTABILITY = YES;
				GCC_C_LANGUAGE_STANDARD = gnu99;
				GCC_DYNAMIC_NO_PIC = NO;
				GCC_NO_COMMON_BLOCKS = YES;
				GCC_OPTIMIZATION_LEVEL = 0;
				GCC_PREPROCESSOR_DEFINITIONS = (
					"DEBUG=1",
					"$(inherited)",
				);
				GCC_WARN_64_TO_32_BIT_CONVERSION = YES;
				GCC_WARN_ABOUT_RETURN_TYPE = YES_ERROR;
				GCC_WARN_UNDECLARED_SELECTOR = YES;
				GCC_WARN_UNINITIALIZED_AUTOS = YES_AGGRESSIVE;
				GCC_WARN_UNUSED_FUNCTION = YES;
				GCC_WARN_UNUSED_VARIABLE = YES;
				IPHONEOS_DEPLOYMENT_TARGET = 9.0;
				MTL_ENABLE_DEBUG_INFO = YES;
				ONLY_ACTIVE_ARCH = YES;
				SDKROOT = iphoneos;
			};
			name = Debug;
		};
		FE12673F1DF13A5300BBDB14 /* Release */ = {
			isa = XCBuildConfiguration;
			buildSettings = {
				ALWAYS_SEARCH_USER_PATHS = NO;
				CLANG_ANALYZER_NONNULL = YES;
				CLANG_CXX_LANGUAGE_STANDARD = "gnu++0x";
				CLANG_CXX_LIBRARY = "libc++";
				CLANG_ENABLE_MODULES = YES;
				CLANG_ENABLE_OBJC_ARC = YES;
				CLANG_WARN_BOOL_CONVERSION = YES;
				CLANG_WARN_CONSTANT_CONVERSION = YES;
				CLANG_WARN_DIRECT_OBJC_ISA_USAGE = YES_ERROR;
				CLANG_WARN_DOCUMENTATION_COMMENTS = YES;
				CLANG_WARN_EMPTY_BODY = YES;
				CLANG_WARN_ENUM_CONVERSION = YES;
				CLANG_WARN_INFINITE_RECURSION = YES;
				CLANG_WARN_INT_CONVERSION = YES;
				CLANG_WARN_OBJC_ROOT_CLASS = YES_ERROR;
				CLANG_WARN_SUSPICIOUS_MOVES = YES;
				CLANG_WARN_UNREACHABLE_CODE = YES;
				CLANG_WARN__DUPLICATE_METHOD_MATCH = YES;
				"CODE_SIGN_IDENTITY[sdk=iphoneos*]" = "iPhone Developer";
				COPY_PHASE_STRIP = NO;
				DEBUG_INFORMATION_FORMAT = "dwarf-with-dsym";
				ENABLE_NS_ASSERTIONS = NO;
				ENABLE_STRICT_OBJC_MSGSEND = YES;
				GCC_C_LANGUAGE_STANDARD = gnu99;
				GCC_NO_COMMON_BLOCKS = YES;
				GCC_WARN_64_TO_32_BIT_CONVERSION = YES;
				GCC_WARN_ABOUT_RETURN_TYPE = YES_ERROR;
				GCC_WARN_UNDECLARED_SELECTOR = YES;
				GCC_WARN_UNINITIALIZED_AUTOS = YES_AGGRESSIVE;
				GCC_WARN_UNUSED_FUNCTION = YES;
				GCC_WARN_UNUSED_VARIABLE = YES;
				IPHONEOS_DEPLOYMENT_TARGET = 9.0;
				MTL_ENABLE_DEBUG_INFO = NO;
				SDKROOT = iphoneos;
				VALIDATE_PRODUCT = YES;
			};
			name = Release;
		};
		FE1267411DF13A5300BBDB14 /* Debug */ = {
			isa = XCBuildConfiguration;
			baseConfigurationReference = 68BBA313059DD3943E020D1B /* Pods-XFiOSKitDemo.debug.xcconfig */;
			buildSettings = {
				ASSETCATALOG_COMPILER_APPICON_NAME = AppIcon;
				DEVELOPMENT_TEAM = QUP3N2G398;
				GCC_PRECOMPILE_PREFIX_HEADER = YES;
				GCC_PREFIX_HEADER = "$(SRCROOT)/XFiOSKitDemo/PrefixHeader.pch";
				INFOPLIST_FILE = XFiOSKitDemo/Info.plist;
				IPHONEOS_DEPLOYMENT_TARGET = 9.0;
				LD_RUNPATH_SEARCH_PATHS = "$(inherited) @executable_path/Frameworks";
				PRODUCT_BUNDLE_IDENTIFIER = freshake.com.XFiOSKitDemo;
				PRODUCT_NAME = "$(TARGET_NAME)";
			};
			name = Debug;
		};
		FE1267421DF13A5300BBDB14 /* Release */ = {
			isa = XCBuildConfiguration;
			baseConfigurationReference = 3AC9154C45616908D543C9FC /* Pods-XFiOSKitDemo.release.xcconfig */;
			buildSettings = {
				ASSETCATALOG_COMPILER_APPICON_NAME = AppIcon;
				DEVELOPMENT_TEAM = QUP3N2G398;
				GCC_PRECOMPILE_PREFIX_HEADER = YES;
				GCC_PREFIX_HEADER = "$(SRCROOT)/XFiOSKitDemo/PrefixHeader.pch";
				INFOPLIST_FILE = XFiOSKitDemo/Info.plist;
				IPHONEOS_DEPLOYMENT_TARGET = 9.0;
				LD_RUNPATH_SEARCH_PATHS = "$(inherited) @executable_path/Frameworks";
				PRODUCT_BUNDLE_IDENTIFIER = freshake.com.XFiOSKitDemo;
				PRODUCT_NAME = "$(TARGET_NAME)";
			};
			name = Release;
		};
		FE1267441DF13A5300BBDB14 /* Debug */ = {
			isa = XCBuildConfiguration;
			baseConfigurationReference = 77619F6582DB3034FF99F5DA /* Pods-XFiOSKitDemoTests.debug.xcconfig */;
			buildSettings = {
				BUNDLE_LOADER = "$(TEST_HOST)";
				INFOPLIST_FILE = XFiOSKitDemoTests/Info.plist;
				LD_RUNPATH_SEARCH_PATHS = "$(inherited) @executable_path/Frameworks @loader_path/Frameworks";
				PRODUCT_BUNDLE_IDENTIFIER = freshake.com.XFiOSKitDemoTests;
				PRODUCT_NAME = "$(TARGET_NAME)";
				TEST_HOST = "$(BUILT_PRODUCTS_DIR)/XFiOSKitDemo.app/XFiOSKitDemo";
			};
			name = Debug;
		};
		FE1267451DF13A5300BBDB14 /* Release */ = {
			isa = XCBuildConfiguration;
			baseConfigurationReference = 4E50CF12709A5ED3117C809E /* Pods-XFiOSKitDemoTests.release.xcconfig */;
			buildSettings = {
				BUNDLE_LOADER = "$(TEST_HOST)";
				INFOPLIST_FILE = XFiOSKitDemoTests/Info.plist;
				LD_RUNPATH_SEARCH_PATHS = "$(inherited) @executable_path/Frameworks @loader_path/Frameworks";
				PRODUCT_BUNDLE_IDENTIFIER = freshake.com.XFiOSKitDemoTests;
				PRODUCT_NAME = "$(TARGET_NAME)";
				TEST_HOST = "$(BUILT_PRODUCTS_DIR)/XFiOSKitDemo.app/XFiOSKitDemo";
			};
			name = Release;
		};
		FE1267471DF13A5300BBDB14 /* Debug */ = {
			isa = XCBuildConfiguration;
			baseConfigurationReference = B47951E68609F564728DE9B0 /* Pods-XFiOSKitDemoUITests.debug.xcconfig */;
			buildSettings = {
				INFOPLIST_FILE = XFiOSKitDemoUITests/Info.plist;
				LD_RUNPATH_SEARCH_PATHS = "$(inherited) @executable_path/Frameworks @loader_path/Frameworks";
				PRODUCT_BUNDLE_IDENTIFIER = freshake.com.XFiOSKitDemoUITests;
				PRODUCT_NAME = "$(TARGET_NAME)";
				TEST_TARGET_NAME = XFiOSKitDemo;
			};
			name = Debug;
		};
		FE1267481DF13A5300BBDB14 /* Release */ = {
			isa = XCBuildConfiguration;
			baseConfigurationReference = D12D048251A27564B2F982D6 /* Pods-XFiOSKitDemoUITests.release.xcconfig */;
			buildSettings = {
				INFOPLIST_FILE = XFiOSKitDemoUITests/Info.plist;
				LD_RUNPATH_SEARCH_PATHS = "$(inherited) @executable_path/Frameworks @loader_path/Frameworks";
				PRODUCT_BUNDLE_IDENTIFIER = freshake.com.XFiOSKitDemoUITests;
				PRODUCT_NAME = "$(TARGET_NAME)";
				TEST_TARGET_NAME = XFiOSKitDemo;
			};
			name = Release;
		};
/* End XCBuildConfiguration section */

/* Begin XCConfigurationList section */
		FE12670E1DF13A5300BBDB14 /* Build configuration list for PBXProject "XFiOSKitDemo" */ = {
			isa = XCConfigurationList;
			buildConfigurations = (
				FE12673E1DF13A5300BBDB14 /* Debug */,
				FE12673F1DF13A5300BBDB14 /* Release */,
			);
			defaultConfigurationIsVisible = 0;
			defaultConfigurationName = Release;
		};
		FE1267401DF13A5300BBDB14 /* Build configuration list for PBXNativeTarget "XFiOSKitDemo" */ = {
			isa = XCConfigurationList;
			buildConfigurations = (
				FE1267411DF13A5300BBDB14 /* Debug */,
				FE1267421DF13A5300BBDB14 /* Release */,
			);
			defaultConfigurationIsVisible = 0;
			defaultConfigurationName = Release;
		};
		FE1267431DF13A5300BBDB14 /* Build configuration list for PBXNativeTarget "XFiOSKitDemoTests" */ = {
			isa = XCConfigurationList;
			buildConfigurations = (
				FE1267441DF13A5300BBDB14 /* Debug */,
				FE1267451DF13A5300BBDB14 /* Release */,
			);
			defaultConfigurationIsVisible = 0;
			defaultConfigurationName = Release;
		};
		FE1267461DF13A5300BBDB14 /* Build configuration list for PBXNativeTarget "XFiOSKitDemoUITests" */ = {
			isa = XCConfigurationList;
			buildConfigurations = (
				FE1267471DF13A5300BBDB14 /* Debug */,
				FE1267481DF13A5300BBDB14 /* Release */,
			);
			defaultConfigurationIsVisible = 0;
			defaultConfigurationName = Release;
		};
/* End XCConfigurationList section */
	};
	rootObject = FE12670B1DF13A5300BBDB14 /* Project object */;
}
